
Microsoft Visual Studio Solution File, Format Version 12.00
# Visual Studio Version 17
VisualStudioVersion = 17.11.35312.102
MinimumVisualStudioVersion = 10.0.40219.1
Project("{FAE04EC0-301F-11D3-BF4B-00C04F79EFBC}") = "HelloWold", "HelloWold.csproj", "{9061CD91-3ABB-4616-BC17-D0AA9B8E82EE}"
EndProject
Global
	GlobalSection(SolutionConfigurationPlatforms) = preSolution
		Debug|Any CPU = Debug|Any CPU
		Release|Any CPU = Release|Any CPU
	EndGlobalSection
	GlobalSection(ProjectConfigurationPlatforms) = postSolution
		{9061CD91-3ABB-4616-BC17-D0AA9B8E82EE}.Debug|Any CPU.ActiveCfg = Debug|Any CPU
		{9061CD91-3ABB-4616-BC17-D0AA9B8E82EE}.Debug|Any CPU.Build.0 = Debug|Any CPU
		{9061CD91-3ABB-4616-BC17-D0AA9B8E82EE}.Release|Any CPU.ActiveCfg = Release|Any CPU
		{9061CD91-3ABB-4616-BC17-D0AA9B8E82EE}.Release|Any CPU.Build.0 = Release|Any CPU
	EndGlobalSection
	GlobalSection(SolutionProperties) = preSolution
		HideSolutionNode = FALSE
	EndGlobalSection
	GlobalSection(ExtensibilityGlobals) = postSolution
		SolutionGuid = {53C30C41-EB9B-4305-A747-FC4CC2CDD9A9}
	EndGlobalSection
EndGlobal
